
Microsoft Visual Studio Solution File, Format Version 12.00
# Visual Studio 15
VisualStudioVersion = 15.0.28307.645
MinimumVisualStudioVersion = 10.0.40219.1
Project("{FAE04EC0-301F-11D3-BF4B-00C04F79EFBC}") = "MprintSolutionsWindowService", "RestFulApiComsume\MprintSolutionsWindowService.csproj", "{E7CA2F29-A418-4D4F-9019-DDB92FEE1820}"
EndProject
Project("{FAE04EC0-301F-11D3-BF4B-00C04F79EFBC}") = "MPrintSolutionsServiceBL", "MPrintSolutionsServiceBL\MPrintSolutionsServiceBL.csproj", "{D358D72C-623C-4F49-BDB4-EE4D2DB89E12}"
EndProject
Project("{FAE04EC0-301F-11D3-BF4B-00C04F79EFBC}") = "Logs", "Logs\Logs.csproj", "{915C0645-2536-4148-89E6-EF2EDE8C2D05}"
EndProject
Global
	GlobalSection(SolutionConfigurationPlatforms) = preSolution
		Debug|Any CPU = Debug|Any CPU
		Release|Any CPU = Release|Any CPU
	EndGlobalSection
	GlobalSection(ProjectConfigurationPlatforms) = postSolution
		{E7CA2F29-A418-4D4F-9019-DDB92FEE1820}.Debug|Any CPU.ActiveCfg = Debug|Any CPU
		{E7CA2F29-A418-4D4F-9019-DDB92FEE1820}.Debug|Any CPU.Build.0 = Debug|Any CPU
		{E7CA2F29-A418-4D4F-9019-DDB92FEE1820}.Release|Any CPU.ActiveCfg = Release|Any CPU
		{E7CA2F29-A418-4D4F-9019-DDB92FEE1820}.Release|Any CPU.Build.0 = Release|Any CPU
		{D358D72C-623C-4F49-BDB4-EE4D2DB89E12}.Debug|Any CPU.ActiveCfg = Debug|Any CPU
		{D358D72C-623C-4F49-BDB4-EE4D2DB89E12}.Debug|Any CPU.Build.0 = Debug|Any CPU
		{D358D72C-623C-4F49-BDB4-EE4D2DB89E12}.Release|Any CPU.ActiveCfg = Release|Any CPU
		{D358D72C-623C-4F49-BDB4-EE4D2DB89E12}.Release|Any CPU.Build.0 = Release|Any CPU
		{915C0645-2536-4148-89E6-EF2EDE8C2D05}.Debug|Any CPU.ActiveCfg = Debug|Any CPU
		{915C0645-2536-4148-89E6-EF2EDE8C2D05}.Debug|Any CPU.Build.0 = Debug|Any CPU
		{915C0645-2536-4148-89E6-EF2EDE8C2D05}.Release|Any CPU.ActiveCfg = Release|Any CPU
		{915C0645-2536-4148-89E6-EF2EDE8C2D05}.Release|Any CPU.Build.0 = Release|Any CPU
	EndGlobalSection
	GlobalSection(SolutionProperties) = preSolution
		HideSolutionNode = FALSE
	EndGlobalSection
	GlobalSection(ExtensibilityGlobals) = postSolution
		SolutionGuid = {18EB83A3-1F89-423E-AD2A-DBF5C5E1908F}
	EndGlobalSection
EndGlobal
